
Microsoft Visual Studio Solution File, Format Version 12.00
# Visual Studio Version 16
VisualStudioVersion = 16.0.30804.86
MinimumVisualStudioVersion = 10.0.40219.1
Project("{FAE04EC0-301F-11D3-BF4B-00C04F79EFBC}") = "HomeShare", "HomeShare\HomeShare.csproj", "{C2ACD4C9-A898-4F06-9A01-AD29469EF7FB}"
EndProject
Project("{00D1A9C2-B5F0-4AF3-8072-F6C62B433612}") = "HomeShareDBASP", "HomeShareDBASP\HomeShareDBASP.sqlproj", "{DA7C09D2-7101-4E04-BCEE-FF8157C5676A}"
EndProject
Project("{FAE04EC0-301F-11D3-BF4B-00C04F79EFBC}") = "HomeShare.Models", "HomeShare.Models\HomeShare.Models.csproj", "{7482DDE6-0FF7-4515-930B-A659D62B76FD}"
EndProject
Project("{FAE04EC0-301F-11D3-BF4B-00C04F79EFBC}") = "HomeShare.DAL", "HomeShare.DAL\HomeShare.DAL.csproj", "{C8003507-406F-4DAB-9CB8-671AB275108D}"
EndProject
Project("{FAE04EC0-301F-11D3-BF4B-00C04F79EFBC}") = "HomeShare.Entities", "HomeShare.Entities\HomeShare.Entities.csproj", "{9C56F027-6228-425D-9099-64DA3A2EACC4}"
EndProject
Project("{FAE04EC0-301F-11D3-BF4B-00C04F79EFBC}") = "HomeShare.Repositories", "HomeShare.Repositories\HomeShare.Repositories.csproj", "{B5E7D534-8DAC-419D-A20F-943C28C070CE}"
EndProject
Project("{FAE04EC0-301F-11D3-BF4B-00C04F79EFBC}") = "Tools", "Tools\Tools.csproj", "{8A2C657E-64F1-494C-9BEB-F120DBBA1A3F}"
EndProject
Global
	GlobalSection(SolutionConfigurationPlatforms) = preSolution
		Debug|Any CPU = Debug|Any CPU
		Release|Any CPU = Release|Any CPU
	EndGlobalSection
	GlobalSection(ProjectConfigurationPlatforms) = postSolution
		{C2ACD4C9-A898-4F06-9A01-AD29469EF7FB}.Debug|Any CPU.ActiveCfg = Debug|Any CPU
		{C2ACD4C9-A898-4F06-9A01-AD29469EF7FB}.Debug|Any CPU.Build.0 = Debug|Any CPU
		{C2ACD4C9-A898-4F06-9A01-AD29469EF7FB}.Release|Any CPU.ActiveCfg = Release|Any CPU
		{C2ACD4C9-A898-4F06-9A01-AD29469EF7FB}.Release|Any CPU.Build.0 = Release|Any CPU
		{DA7C09D2-7101-4E04-BCEE-FF8157C5676A}.Debug|Any CPU.ActiveCfg = Debug|Any CPU
		{DA7C09D2-7101-4E04-BCEE-FF8157C5676A}.Debug|Any CPU.Build.0 = Debug|Any CPU
		{DA7C09D2-7101-4E04-BCEE-FF8157C5676A}.Debug|Any CPU.Deploy.0 = Debug|Any CPU
		{DA7C09D2-7101-4E04-BCEE-FF8157C5676A}.Release|Any CPU.ActiveCfg = Release|Any CPU
		{DA7C09D2-7101-4E04-BCEE-FF8157C5676A}.Release|Any CPU.Build.0 = Release|Any CPU
		{DA7C09D2-7101-4E04-BCEE-FF8157C5676A}.Release|Any CPU.Deploy.0 = Release|Any CPU
		{7482DDE6-0FF7-4515-930B-A659D62B76FD}.Debug|Any CPU.ActiveCfg = Debug|Any CPU
		{7482DDE6-0FF7-4515-930B-A659D62B76FD}.Debug|Any CPU.Build.0 = Debug|Any CPU
		{7482DDE6-0FF7-4515-930B-A659D62B76FD}.Release|Any CPU.ActiveCfg = Release|Any CPU
		{7482DDE6-0FF7-4515-930B-A659D62B76FD}.Release|Any CPU.Build.0 = Release|Any CPU
		{C8003507-406F-4DAB-9CB8-671AB275108D}.Debug|Any CPU.ActiveCfg = Debug|Any CPU
		{C8003507-406F-4DAB-9CB8-671AB275108D}.Debug|Any CPU.Build.0 = Debug|Any CPU
		{C8003507-406F-4DAB-9CB8-671AB275108D}.Release|Any CPU.ActiveCfg = Release|Any CPU
		{C8003507-406F-4DAB-9CB8-671AB275108D}.Release|Any CPU.Build.0 = Release|Any CPU
		{9C56F027-6228-425D-9099-64DA3A2EACC4}.Debug|Any CPU.ActiveCfg = Debug|Any CPU
		{9C56F027-6228-425D-9099-64DA3A2EACC4}.Debug|Any CPU.Build.0 = Debug|Any CPU
		{9C56F027-6228-425D-9099-64DA3A2EACC4}.Release|Any CPU.ActiveCfg = Release|Any CPU
		{9C56F027-6228-425D-9099-64DA3A2EACC4}.Release|Any CPU.Build.0 = Release|Any CPU
		{B5E7D534-8DAC-419D-A20F-943C28C070CE}.Debug|Any CPU.ActiveCfg = Debug|Any CPU
		{B5E7D534-8DAC-419D-A20F-943C28C070CE}.Debug|Any CPU.Build.0 = Debug|Any CPU
		{B5E7D534-8DAC-419D-A20F-943C28C070CE}.Release|Any CPU.ActiveCfg = Release|Any CPU
		{B5E7D534-8DAC-419D-A20F-943C28C070CE}.Release|Any CPU.Build.0 = Release|Any CPU
		{8A2C657E-64F1-494C-9BEB-F120DBBA1A3F}.Debug|Any CPU.ActiveCfg = Debug|Any CPU
		{8A2C657E-64F1-494C-9BEB-F120DBBA1A3F}.Debug|Any CPU.Build.0 = Debug|Any CPU
		{8A2C657E-64F1-494C-9BEB-F120DBBA1A3F}.Release|Any CPU.ActiveCfg = Release|Any CPU
		{8A2C657E-64F1-494C-9BEB-F120DBBA1A3F}.Release|Any CPU.Build.0 = Release|Any CPU
	EndGlobalSection
	GlobalSection(SolutionProperties) = preSolution
		HideSolutionNode = FALSE
	EndGlobalSection
	GlobalSection(ExtensibilityGlobals) = postSolution
		SolutionGuid = {04259720-FF0F-4E14-A57E-B582DEEEA548}
	EndGlobalSection
EndGlobal
